
Microsoft Visual Studio Solution File, Format Version 12.00
# Visual Studio 14
VisualStudioVersion = 14.0.25420.1
MinimumVisualStudioVersion = 10.0.40219.1
Project("{FAE04EC0-301F-11D3-BF4B-00C04F79EFBC}") = "UI", "UI\UI.csproj", "{802D3F6D-7479-48E7-85AE-6DECF93600D0}"
EndProject
Project("{FAE04EC0-301F-11D3-BF4B-00C04F79EFBC}") = "Dao", "Dao\Dao.csproj", "{1A772FE1-F48F-4E4B-8DB9-4AC7F0630543}"
EndProject
Project("{FAE04EC0-301F-11D3-BF4B-00C04F79EFBC}") = "BLL", "BLL\BLL.csproj", "{35441629-1D13-40C7-8583-E1618B073136}"
EndProject
Project("{FAE04EC0-301F-11D3-BF4B-00C04F79EFBC}") = "IDao", "IDao\IDao.csproj", "{7826DA70-3F18-49C4-8177-9B8873F41F14}"
EndProject
Project("{FAE04EC0-301F-11D3-BF4B-00C04F79EFBC}") = "IBLL", "IBLL\IBLL.csproj", "{3692BC2C-3C87-451D-8748-269ED03CA4AD}"
EndProject
Project("{FAE04EC0-301F-11D3-BF4B-00C04F79EFBC}") = "IocContianer", "IocContianer\IocContianer.csproj", "{723E430E-D5F9-4225-ADD6-4765652201B3}"
EndProject
Project("{FAE04EC0-301F-11D3-BF4B-00C04F79EFBC}") = "Entity", "Entity\Entity.csproj", "{A74FC79A-B2C3-4AB6-B5DA-EDE4B2CE97D7}"
EndProject
Global
	GlobalSection(SolutionConfigurationPlatforms) = preSolution
		Debug|Any CPU = Debug|Any CPU
		Release|Any CPU = Release|Any CPU
	EndGlobalSection
	GlobalSection(ProjectConfigurationPlatforms) = postSolution
		{802D3F6D-7479-48E7-85AE-6DECF93600D0}.Debug|Any CPU.ActiveCfg = Debug|Any CPU
		{802D3F6D-7479-48E7-85AE-6DECF93600D0}.Debug|Any CPU.Build.0 = Debug|Any CPU
		{802D3F6D-7479-48E7-85AE-6DECF93600D0}.Release|Any CPU.ActiveCfg = Release|Any CPU
		{802D3F6D-7479-48E7-85AE-6DECF93600D0}.Release|Any CPU.Build.0 = Release|Any CPU
		{1A772FE1-F48F-4E4B-8DB9-4AC7F0630543}.Debug|Any CPU.ActiveCfg = Debug|Any CPU
		{1A772FE1-F48F-4E4B-8DB9-4AC7F0630543}.Debug|Any CPU.Build.0 = Debug|Any CPU
		{1A772FE1-F48F-4E4B-8DB9-4AC7F0630543}.Release|Any CPU.ActiveCfg = Release|Any CPU
		{1A772FE1-F48F-4E4B-8DB9-4AC7F0630543}.Release|Any CPU.Build.0 = Release|Any CPU
		{35441629-1D13-40C7-8583-E1618B073136}.Debug|Any CPU.ActiveCfg = Debug|Any CPU
		{35441629-1D13-40C7-8583-E1618B073136}.Debug|Any CPU.Build.0 = Debug|Any CPU
		{35441629-1D13-40C7-8583-E1618B073136}.Release|Any CPU.ActiveCfg = Release|Any CPU
		{35441629-1D13-40C7-8583-E1618B073136}.Release|Any CPU.Build.0 = Release|Any CPU
		{7826DA70-3F18-49C4-8177-9B8873F41F14}.Debug|Any CPU.ActiveCfg = Debug|Any CPU
		{7826DA70-3F18-49C4-8177-9B8873F41F14}.Debug|Any CPU.Build.0 = Debug|Any CPU
		{7826DA70-3F18-49C4-8177-9B8873F41F14}.Release|Any CPU.ActiveCfg = Release|Any CPU
		{7826DA70-3F18-49C4-8177-9B8873F41F14}.Release|Any CPU.Build.0 = Release|Any CPU
		{3692BC2C-3C87-451D-8748-269ED03CA4AD}.Debug|Any CPU.ActiveCfg = Debug|Any CPU
		{3692BC2C-3C87-451D-8748-269ED03CA4AD}.Debug|Any CPU.Build.0 = Debug|Any CPU
		{3692BC2C-3C87-451D-8748-269ED03CA4AD}.Release|Any CPU.ActiveCfg = Release|Any CPU
		{3692BC2C-3C87-451D-8748-269ED03CA4AD}.Release|Any CPU.Build.0 = Release|Any CPU
		{723E430E-D5F9-4225-ADD6-4765652201B3}.Debug|Any CPU.ActiveCfg = Debug|Any CPU
		{723E430E-D5F9-4225-ADD6-4765652201B3}.Debug|Any CPU.Build.0 = Debug|Any CPU
		{723E430E-D5F9-4225-ADD6-4765652201B3}.Release|Any CPU.ActiveCfg = Release|Any CPU
		{723E430E-D5F9-4225-ADD6-4765652201B3}.Release|Any CPU.Build.0 = Release|Any CPU
		{A74FC79A-B2C3-4AB6-B5DA-EDE4B2CE97D7}.Debug|Any CPU.ActiveCfg = Debug|Any CPU
		{A74FC79A-B2C3-4AB6-B5DA-EDE4B2CE97D7}.Debug|Any CPU.Build.0 = Debug|Any CPU
		{A74FC79A-B2C3-4AB6-B5DA-EDE4B2CE97D7}.Release|Any CPU.ActiveCfg = Release|Any CPU
		{A74FC79A-B2C3-4AB6-B5DA-EDE4B2CE97D7}.Release|Any CPU.Build.0 = Release|Any CPU
	EndGlobalSection
	GlobalSection(SolutionProperties) = preSolution
		HideSolutionNode = FALSE
	EndGlobalSection
EndGlobal
